{
  "name": "ai-academic-paper-reviewer",
  "version": "1.0.0",
  "lockfileVersion": 3,
  "requires": true,
  "packages": {
    "": {
      "name": "ai-academic-paper-reviewer",
      "version": "1.0.0",
      "license": "ISC",
      "dependencies": {
        "@ai-sdk/google": "^1.0.12",
        "@octokit/rest": "^21.0.2",
        "ai": "^4.0.22",
        "diff": "^7.0.0",
        "dotenv": "^16.4.7",
        "minimatch": "^10.0.1",
        "zod": "^3.23.8"
      },
      "devDependencies": {
        "@types/diff": "^6.0.0",
        "@types/node": "^22.10.2",
        "esbuild-register": "^3.6.0",
        "typescript": "^5.7.2"
      }
    },
    "node_modules/@ai-sdk/google": {
      "version": "1.0.12",
      "resolved": "https://registry.npmjs.org/@ai-sdk/google/-/google-1.0.12.tgz",
      "integrity": "sha512-vZUK8X997tKmycwCa9d26PoGtIyNEILykYb6JscMoA/pfr5Nss8Ox1JtSGn+PRkehpJhclOaLNWV1JQAjp73aA==",
      "dependencies": {
        "@ai-sdk/provider": "1.0.3",
        "@ai-sdk/provider-utils": "2.0.5"
      },
      "engines": {
        "node": ">=18"
      },
      "peerDependencies": {
        "zod": "^3.0.0"
      }
    },
    "node_modules/@ai-sdk/provider": {
      "version": "1.0.3",
      "resolved": "https://registry.npmjs.org/@ai-sdk/provider/-/provider-1.0.3.tgz",
      "integrity": "sha512-WiuJEpHTrltOIzv3x2wx4gwksAHW0h6nK3SoDzjqCOJLu/2OJ1yASESTIX+f07ChFykHElVoP80Ol/fe9dw6tQ==",
      "dependencies": {
        "json-schema": "^0.4.0"
      },
      "engines": {
        "node": ">=18"
      }
    },
    "node_modules/@ai-sdk/provider-utils": {
      "version": "2.0.5",
      "resolved": "https://registry.npmjs.org/@ai-sdk/provider-utils/-/provider-utils-2.0.5.tgz",
      "integrity": "sha512-2M7vLhYN0ThGjNlzow7oO/lsL+DyMxvGMIYmVQvEYaCWhDzxH5dOp78VNjJIVwHzVLMbBDigX3rJuzAs853idw==",
      "dependencies": {
        "@ai-sdk/provider": "1.0.3",
        "eventsource-parser": "^3.0.0",
        "nanoid": "^3.3.8",
        "secure-json-parse": "^2.7.0"
      },
      "engines": {
        "node": ">=18"
      },
      "peerDependencies": {
        "zod": "^3.0.0"
      },
      "peerDependenciesMeta": {
        "zod": {
          "optional": true
        }
      }
    },
    "node_modules/@ai-sdk/react": {
      "version": "1.0.7",
      "resolved": "https://registry.npmjs.org/@ai-sdk/react/-/react-1.0.7.tgz",
      "integrity": "sha512-j2/of4iCNq+r2Bjx0O9vdRhn5C/02t2Esenis71YtnsoynPz74eQlJ3N0RYYPheThiJes50yHdfdVdH9ulxs1A==",
      "dependencies": {
        "@ai-sdk/provider-utils": "2.0.5",
        "@ai-sdk/ui-utils": "1.0.6",
        "swr": "^2.2.5",
        "throttleit": "2.1.0"
      },
      "engines": {
        "node": ">=18"
      },
      "peerDependencies": {
        "react": "^18 || ^19 || ^19.0.0-rc",
        "zod": "^3.0.0"
      },
      "peerDependenciesMeta": {
        "react": {
          "optional": true
        },
        "zod": {
          "optional": true
        }
      }
    },
    "node_modules/@ai-sdk/ui-utils": {
      "version": "1.0.6",
      "resolved": "https://registry.npmjs.org/@ai-sdk/ui-utils/-/ui-utils-1.0.6.tgz",
      "integrity": "sha512-ZP6Vjj+VCnSPBIAvWAdKj2olQONJ/f4aZpkVCGkzprdhv8TjHwB6CTlXFS3zypuEGy4asg84dc1dvXKooQXFvg==",
      "dependencies": {
        "@ai-sdk/provider": "1.0.3",
        "@ai-sdk/provider-utils": "2.0.5",
        "zod-to-json-schema": "^3.23.5"
      },
      "engines": {
        "node": ">=18"
      },
      "peerDependencies": {
        "zod": "^3.0.0"
      },
      "peerDependenciesMeta": {
        "zod": {
          "optional": true
        }
      }
    },
    "node_modules/@esbuild/aix-ppc64": {
      "version": "0.25.5",
      "resolved": "https://registry.npmjs.org/@esbuild/aix-ppc64/-/aix-ppc64-0.25.5.tgz",
      "integrity": "sha512-9o3TMmpmftaCMepOdA5k/yDw8SfInyzWWTjYTFCX3kPSDJMROQTb8jg+h9Cnwnmm1vOzvxN7gIfB5V2ewpjtGA==",
      "cpu": [
        "ppc64"
      ],
      "dev": true,
      "license": "MIT",
      "optional": true,
      "os": [
        "aix"
      ],
      "peer": true,
      "engines": {
        "node": ">=18"
      }
    },
    "node_modules/@esbuild/android-arm": {
      "version": "0.25.5",
      "resolved": "https://registry.npmjs.org/@esbuild/android-arm/-/android-arm-0.25.5.tgz",
      "integrity": "sha512-AdJKSPeEHgi7/ZhuIPtcQKr5RQdo6OO2IL87JkianiMYMPbCtot9fxPbrMiBADOWWm3T2si9stAiVsGbTQFkbA==",
      "cpu": [
        "arm"
      ],
      "dev": true,
      "license": "MIT",
      "optional": true,
      "os": [
        "android"
      ],
      "peer": true,
      "engines": {
        "node": ">=18"
      }
    },
    "node_modules/@esbuild/android-arm64": {
      "version": "0.25.5",
      "resolved": "https://registry.npmjs.org/@esbuild/android-arm64/-/android-arm64-0.25.5.tgz",
      "integrity": "sha512-VGzGhj4lJO+TVGV1v8ntCZWJktV7SGCs3Pn1GRWI1SBFtRALoomm8k5E9Pmwg3HOAal2VDc2F9+PM/rEY6oIDg==",
      "cpu": [
        "arm64"
      ],
      "dev": true,
      "license": "MIT",
      "optional": true,
      "os": [
        "android"
      ],
      "peer": true,
      "engines": {
        "node": ">=18"
      }
    },
    "node_modules/@esbuild/android-x64": {
      "version": "0.25.5",
      "resolved": "https://registry.npmjs.org/@esbuild/android-x64/-/android-x64-0.25.5.tgz",
      "integrity": "sha512-D2GyJT1kjvO//drbRT3Hib9XPwQeWd9vZoBJn+bu/lVsOZ13cqNdDeqIF/xQ5/VmWvMduP6AmXvylO/PIc2isw==",
      "cpu": [
        "x64"
      ],
      "dev": true,
      "license": "MIT",
      "optional": true,
      "os": [
        "android"
      ],
      "peer": true,
      "engines": {
        "node": ">=18"
      }
    },
    "node_modules/@esbuild/darwin-arm64": {
      "version": "0.25.5",
      "resolved": "https://registry.npmjs.org/@esbuild/darwin-arm64/-/darwin-arm64-0.25.5.tgz",
      "integrity": "sha512-GtaBgammVvdF7aPIgH2jxMDdivezgFu6iKpmT+48+F8Hhg5J/sfnDieg0aeG/jfSvkYQU2/pceFPDKlqZzwnfQ==",
      "cpu": [
        "arm64"
      ],
      "dev": true,
      "license": "MIT",
      "optional": true,
      "os": [
        "darwin"
      ],
      "peer": true,
      "engines": {
        "node": ">=18"
      }
    },
    "node_modules/@esbuild/darwin-x64": {
      "version": "0.25.5",
      "resolved": "https://registry.npmjs.org/@esbuild/darwin-x64/-/darwin-x64-0.25.5.tgz",
      "integrity": "sha512-1iT4FVL0dJ76/q1wd7XDsXrSW+oLoquptvh4CLR4kITDtqi2e/xwXwdCVH8hVHU43wgJdsq7Gxuzcs6Iq/7bxQ==",
      "cpu": [
        "x64"
      ],
      "dev": true,
      "license": "MIT",
      "optional": true,
      "os": [
        "darwin"
      ],
      "peer": true,
      "engines": {
        "node": ">=18"
      }
    },
    "node_modules/@esbuild/freebsd-arm64": {
      "version": "0.25.5",
      "resolved": "https://registry.npmjs.org/@esbuild/freebsd-arm64/-/freebsd-arm64-0.25.5.tgz",
      "integrity": "sha512-nk4tGP3JThz4La38Uy/gzyXtpkPW8zSAmoUhK9xKKXdBCzKODMc2adkB2+8om9BDYugz+uGV7sLmpTYzvmz6Sw==",
      "cpu": [
        "arm64"
      ],
      "dev": true,
      "license": "MIT",
      "optional": true,
      "os": [
        "freebsd"
      ],
      "peer": true,
      "engines": {
        "node": ">=18"
      }
    },
    "node_modules/@esbuild/freebsd-x64": {
      "version": "0.25.5",
      "resolved": "https://registry.npmjs.org/@esbuild/freebsd-x64/-/freebsd-x64-0.25.5.tgz",
      "integrity": "sha512-PrikaNjiXdR2laW6OIjlbeuCPrPaAl0IwPIaRv+SMV8CiM8i2LqVUHFC1+8eORgWyY7yhQY+2U2fA55mBzReaw==",
      "cpu": [
        "x64"
      ],
      "dev": true,
      "license": "MIT",
      "optional": true,
      "os": [
        "freebsd"
      ],
      "peer": true,
      "engines": {
        "node": ">=18"
      }
    },
    "node_modules/@esbuild/linux-arm": {
      "version": "0.25.5",
      "resolved": "https://registry.npmjs.org/@esbuild/linux-arm/-/linux-arm-0.25.5.tgz",
      "integrity": "sha512-cPzojwW2okgh7ZlRpcBEtsX7WBuqbLrNXqLU89GxWbNt6uIg78ET82qifUy3W6OVww6ZWobWub5oqZOVtwolfw==",
      "cpu": [
        "arm"
      ],
      "dev": true,
      "license": "MIT",
      "optional": true,
      "os": [
        "linux"
      ],
      "peer": true,
      "engines": {
        "node": ">=18"
      }
    },
    "node_modules/@esbuild/linux-arm64": {
      "version": "0.25.5",
      "resolved": "https://registry.npmjs.org/@esbuild/linux-arm64/-/linux-arm64-0.25.5.tgz",
      "integrity": "sha512-Z9kfb1v6ZlGbWj8EJk9T6czVEjjq2ntSYLY2cw6pAZl4oKtfgQuS4HOq41M/BcoLPzrUbNd+R4BXFyH//nHxVg==",
      "cpu": [
        "arm64"
      ],
      "dev": true,
      "license": "MIT",
      "optional": true,
      "os": [
        "linux"
      ],
      "peer": true,
      "engines": {
        "node": ">=18"
      }
    },
    "node_modules/@esbuild/linux-ia32": {
      "version": "0.25.5",
      "resolved": "https://registry.npmjs.org/@esbuild/linux-ia32/-/linux-ia32-0.25.5.tgz",
      "integrity": "sha512-sQ7l00M8bSv36GLV95BVAdhJ2QsIbCuCjh/uYrWiMQSUuV+LpXwIqhgJDcvMTj+VsQmqAHL2yYaasENvJ7CDKA==",
      "cpu": [
        "ia32"
      ],
      "dev": true,
      "license": "MIT",
      "optional": true,
      "os": [
        "linux"
      ],
      "peer": true,
      "engines": {
        "node": ">=18"
      }
    },
    "node_modules/@esbuild/linux-loong64": {
      "version": "0.25.5",
      "resolved": "https://registry.npmjs.org/@esbuild/linux-loong64/-/linux-loong64-0.25.5.tgz",
      "integrity": "sha512-0ur7ae16hDUC4OL5iEnDb0tZHDxYmuQyhKhsPBV8f99f6Z9KQM02g33f93rNH5A30agMS46u2HP6qTdEt6Q1kg==",
      "cpu": [
        "loong64"
      ],
      "dev": true,
      "license": "MIT",
      "optional": true,
      "os": [
        "linux"
      ],
      "peer": true,
      "engines": {
        "node": ">=18"
      }
    },
    "node_modules/@esbuild/linux-mips64el": {
      "version": "0.25.5",
      "resolved": "https://registry.npmjs.org/@esbuild/linux-mips64el/-/linux-mips64el-0.25.5.tgz",
      "integrity": "sha512-kB/66P1OsHO5zLz0i6X0RxlQ+3cu0mkxS3TKFvkb5lin6uwZ/ttOkP3Z8lfR9mJOBk14ZwZ9182SIIWFGNmqmg==",
      "cpu": [
        "mips64el"
      ],
      "dev": true,
      "license": "MIT",
      "optional": true,
      "os": [
        "linux"
      ],
      "peer": true,
      "engines": {
        "node": ">=18"
      }
    },
    "node_modules/@esbuild/linux-ppc64": {
      "version": "0.25.5",
      "resolved": "https://registry.npmjs.org/@esbuild/linux-ppc64/-/linux-ppc64-0.25.5.tgz",
      "integrity": "sha512-UZCmJ7r9X2fe2D6jBmkLBMQetXPXIsZjQJCjgwpVDz+YMcS6oFR27alkgGv3Oqkv07bxdvw7fyB71/olceJhkQ==",
      "cpu": [
        "ppc64"
      ],
      "dev": true,
      "license": "MIT",
      "optional": true,
      "os": [
        "linux"
      ],
      "peer": true,
      "engines": {
        "node": ">=18"
      }
    },
    "node_modules/@esbuild/linux-riscv64": {
      "version": "0.25.5",
      "resolved": "https://registry.npmjs.org/@esbuild/linux-riscv64/-/linux-riscv64-0.25.5.tgz",
      "integrity": "sha512-kTxwu4mLyeOlsVIFPfQo+fQJAV9mh24xL+y+Bm6ej067sYANjyEw1dNHmvoqxJUCMnkBdKpvOn0Ahql6+4VyeA==",
      "cpu": [
        "riscv64"
      ],
      "dev": true,
      "license": "MIT",
      "optional": true,
      "os": [
        "linux"
      ],
      "peer": true,
      "engines": {
        "node": ">=18"
      }
    },
    "node_modules/@esbuild/linux-s390x": {
      "version": "0.25.5",
      "resolved": "https://registry.npmjs.org/@esbuild/linux-s390x/-/linux-s390x-0.25.5.tgz",
      "integrity": "sha512-K2dSKTKfmdh78uJ3NcWFiqyRrimfdinS5ErLSn3vluHNeHVnBAFWC8a4X5N+7FgVE1EjXS1QDZbpqZBjfrqMTQ==",
      "cpu": [
        "s390x"
      ],
      "dev": true,
      "license": "MIT",
      "optional": true,
      "os": [
        "linux"
      ],
      "peer": true,
      "engines": {
        "node": ">=18"
      }
    },
    "node_modules/@esbuild/linux-x64": {
      "version": "0.25.5",
      "resolved": "https://registry.npmjs.org/@esbuild/linux-x64/-/linux-x64-0.25.5.tgz",
      "integrity": "sha512-uhj8N2obKTE6pSZ+aMUbqq+1nXxNjZIIjCjGLfsWvVpy7gKCOL6rsY1MhRh9zLtUtAI7vpgLMK6DxjO8Qm9lJw==",
      "cpu": [
        "x64"
      ],
      "dev": true,
      "license": "MIT",
      "optional": true,
      "os": [
        "linux"
      ],
      "peer": true,
      "engines": {
        "node": ">=18"
      }
    },
    "node_modules/@esbuild/netbsd-arm64": {
      "version": "0.25.5",
      "resolved": "https://registry.npmjs.org/@esbuild/netbsd-arm64/-/netbsd-arm64-0.25.5.tgz",
      "integrity": "sha512-pwHtMP9viAy1oHPvgxtOv+OkduK5ugofNTVDilIzBLpoWAM16r7b/mxBvfpuQDpRQFMfuVr5aLcn4yveGvBZvw==",
      "cpu": [
        "arm64"
      ],
      "dev": true,
      "license": "MIT",
      "optional": true,
      "os": [
        "netbsd"
      ],
      "peer": true,
      "engines": {
        "node": ">=18"
      }
    },
    "node_modules/@esbuild/netbsd-x64": {
      "version": "0.25.5",
      "resolved": "https://registry.npmjs.org/@esbuild/netbsd-x64/-/netbsd-x64-0.25.5.tgz",
      "integrity": "sha512-WOb5fKrvVTRMfWFNCroYWWklbnXH0Q5rZppjq0vQIdlsQKuw6mdSihwSo4RV/YdQ5UCKKvBy7/0ZZYLBZKIbwQ==",
      "cpu": [
        "x64"
      ],
      "dev": true,
      "license": "MIT",
      "optional": true,
      "os": [
        "netbsd"
      ],
      "peer": true,
      "engines": {
        "node": ">=18"
      }
    },
    "node_modules/@esbuild/openbsd-arm64": {
      "version": "0.25.5",
      "resolved": "https://registry.npmjs.org/@esbuild/openbsd-arm64/-/openbsd-arm64-0.25.5.tgz",
      "integrity": "sha512-7A208+uQKgTxHd0G0uqZO8UjK2R0DDb4fDmERtARjSHWxqMTye4Erz4zZafx7Di9Cv+lNHYuncAkiGFySoD+Mw==",
      "cpu": [
        "arm64"
      ],
      "dev": true,
      "license": "MIT",
      "optional": true,
      "os": [
        "openbsd"
      ],
      "peer": true,
      "engines": {
        "node": ">=18"
      }
    },
    "node_modules/@esbuild/openbsd-x64": {
      "version": "0.25.5",
      "resolved": "https://registry.npmjs.org/@esbuild/openbsd-x64/-/openbsd-x64-0.25.5.tgz",
      "integrity": "sha512-G4hE405ErTWraiZ8UiSoesH8DaCsMm0Cay4fsFWOOUcz8b8rC6uCvnagr+gnioEjWn0wC+o1/TAHt+It+MpIMg==",
      "cpu": [
        "x64"
      ],
      "dev": true,
      "license": "MIT",
      "optional": true,
      "os": [
        "openbsd"
      ],
      "peer": true,
      "engines": {
        "node": ">=18"
      }
    },
    "node_modules/@esbuild/sunos-x64": {
      "version": "0.25.5",
      "resolved": "https://registry.npmjs.org/@esbuild/sunos-x64/-/sunos-x64-0.25.5.tgz",
      "integrity": "sha512-l+azKShMy7FxzY0Rj4RCt5VD/q8mG/e+mDivgspo+yL8zW7qEwctQ6YqKX34DTEleFAvCIUviCFX1SDZRSyMQA==",
      "cpu": [
        "x64"
      ],
      "dev": true,
      "license": "MIT",
      "optional": true,
      "os": [
        "sunos"
      ],
      "peer": true,
      "engines": {
        "node": ">=18"
      }
    },
    "node_modules/@esbuild/win32-arm64": {
      "version": "0.25.5",
      "resolved": "https://registry.npmjs.org/@esbuild/win32-arm64/-/win32-arm64-0.25.5.tgz",
      "integrity": "sha512-O2S7SNZzdcFG7eFKgvwUEZ2VG9D/sn/eIiz8XRZ1Q/DO5a3s76Xv0mdBzVM5j5R639lXQmPmSo0iRpHqUUrsxw==",
      "cpu": [
        "arm64"
      ],
      "dev": true,
      "license": "MIT",
      "optional": true,
      "os": [
        "win32"
      ],
      "peer": true,
      "engines": {
        "node": ">=18"
      }
    },
    "node_modules/@esbuild/win32-ia32": {
      "version": "0.25.5",
      "resolved": "https://registry.npmjs.org/@esbuild/win32-ia32/-/win32-ia32-0.25.5.tgz",
      "integrity": "sha512-onOJ02pqs9h1iMJ1PQphR+VZv8qBMQ77Klcsqv9CNW2w6yLqoURLcgERAIurY6QE63bbLuqgP9ATqajFLK5AMQ==",
      "cpu": [
        "ia32"
      ],
      "dev": true,
      "license": "MIT",
      "optional": true,
      "os": [
        "win32"
      ],
      "peer": true,
      "engines": {
        "node": ">=18"
      }
    },
    "node_modules/@esbuild/win32-x64": {
      "version": "0.25.5",
      "resolved": "https://registry.npmjs.org/@esbuild/win32-x64/-/win32-x64-0.25.5.tgz",
      "integrity": "sha512-TXv6YnJ8ZMVdX+SXWVBo/0p8LTcrUYngpWjvm91TMjjBQii7Oz11Lw5lbDV5Y0TzuhSJHwiH4hEtC1I42mMS0g==",
      "cpu": [
        "x64"
      ],
      "dev": true,
      "license": "MIT",
      "optional": true,
      "os": [
        "win32"
      ],
      "peer": true,
      "engines": {
        "node": ">=18"
      }
    },
    "node_modules/@octokit/auth-token": {
      "version": "5.1.1",
      "resolved": "https://registry.npmjs.org/@octokit/auth-token/-/auth-token-5.1.1.tgz",
      "integrity": "sha512-rh3G3wDO8J9wSjfI436JUKzHIxq8NaiL0tVeB2aXmG6p/9859aUOAjA9pmSPNGGZxfwmaJ9ozOJImuNVJdpvbA==",
      "engines": {
        "node": ">= 18"
      }
    },
    "node_modules/@octokit/core": {
      "version": "6.1.2",
      "resolved": "https://registry.npmjs.org/@octokit/core/-/core-6.1.2.tgz",
      "integrity": "sha512-hEb7Ma4cGJGEUNOAVmyfdB/3WirWMg5hDuNFVejGEDFqupeOysLc2sG6HJxY2etBp5YQu5Wtxwi020jS9xlUwg==",
      "dependencies": {
        "@octokit/auth-token": "^5.0.0",
        "@octokit/graphql": "^8.0.0",
        "@octokit/request": "^9.0.0",
        "@octokit/request-error": "^6.0.1",
        "@octokit/types": "^13.0.0",
        "before-after-hook": "^3.0.2",
        "universal-user-agent": "^7.0.0"
      },
      "engines": {
        "node": ">= 18"
      }
    },
    "node_modules/@octokit/endpoint": {
      "version": "10.1.4",
      "resolved": "https://registry.npmjs.org/@octokit/endpoint/-/endpoint-10.1.4.tgz",
      "integrity": "sha512-OlYOlZIsfEVZm5HCSR8aSg02T2lbUWOsCQoPKfTXJwDzcHQBrVBGdGXb89dv2Kw2ToZaRtudp8O3ZIYoaOjKlA==",
      "license": "MIT",
      "dependencies": {
        "@octokit/types": "^14.0.0",
        "universal-user-agent": "^7.0.2"
      },
      "engines": {
        "node": ">= 18"
      }
    },
    "node_modules/@octokit/endpoint/node_modules/@octokit/openapi-types": {
      "version": "25.1.0",
      "resolved": "https://registry.npmjs.org/@octokit/openapi-types/-/openapi-types-25.1.0.tgz",
      "integrity": "sha512-idsIggNXUKkk0+BExUn1dQ92sfysJrje03Q0bv0e+KPLrvyqZF8MnBpFz8UNfYDwB3Ie7Z0TByjWfzxt7vseaA==",
      "license": "MIT"
    },
    "node_modules/@octokit/endpoint/node_modules/@octokit/types": {
      "version": "14.1.0",
      "resolved": "https://registry.npmjs.org/@octokit/types/-/types-14.1.0.tgz",
      "integrity": "sha512-1y6DgTy8Jomcpu33N+p5w58l6xyt55Ar2I91RPiIA0xCJBXyUAhXCcmZaDWSANiha7R9a6qJJ2CRomGPZ6f46g==",
      "license": "MIT",
      "dependencies": {
        "@octokit/openapi-types": "^25.1.0"
      }
    },
    "node_modules/@octokit/graphql": {
      "version": "8.1.1",
      "resolved": "https://registry.npmjs.org/@octokit/graphql/-/graphql-8.1.1.tgz",
      "integrity": "sha512-ukiRmuHTi6ebQx/HFRCXKbDlOh/7xEV6QUXaE7MJEKGNAncGI/STSbOkl12qVXZrfZdpXctx5O9X1AIaebiDBg==",
      "dependencies": {
        "@octokit/request": "^9.0.0",
        "@octokit/types": "^13.0.0",
        "universal-user-agent": "^7.0.0"
      },
      "engines": {
        "node": ">= 18"
      }
    },
    "node_modules/@octokit/openapi-types": {
      "version": "24.2.0",
      "resolved": "https://registry.npmjs.org/@octokit/openapi-types/-/openapi-types-24.2.0.tgz",
      "integrity": "sha512-9sIH3nSUttelJSXUrmGzl7QUBFul0/mB8HRYl3fOlgHbIWG+WnYDXU3v/2zMtAvuzZ/ed00Ei6on975FhBfzrg==",
      "license": "MIT"
    },
    "node_modules/@octokit/plugin-paginate-rest": {
      "version": "11.6.0",
      "resolved": "https://registry.npmjs.org/@octokit/plugin-paginate-rest/-/plugin-paginate-rest-11.6.0.tgz",
      "integrity": "sha512-n5KPteiF7pWKgBIBJSk8qzoZWcUkza2O6A0za97pMGVrGfPdltxrfmfF5GucHYvHGZD8BdaZmmHGz5cX/3gdpw==",
      "license": "MIT",
      "dependencies": {
        "@octokit/types": "^13.10.0"
      },
      "engines": {
        "node": ">= 18"
      },
      "peerDependencies": {
        "@octokit/core": ">=6"
      }
    },
    "node_modules/@octokit/plugin-request-log": {
      "version": "5.3.1",
      "resolved": "https://registry.npmjs.org/@octokit/plugin-request-log/-/plugin-request-log-5.3.1.tgz",
      "integrity": "sha512-n/lNeCtq+9ofhC15xzmJCNKP2BWTv8Ih2TTy+jatNCCq/gQP/V7rK3fjIfuz0pDWDALO/o/4QY4hyOF6TQQFUw==",
      "engines": {
        "node": ">= 18"
      },
      "peerDependencies": {
        "@octokit/core": ">=6"
      }
    },
    "node_modules/@octokit/plugin-rest-endpoint-methods": {
      "version": "13.2.6",
      "resolved": "https://registry.npmjs.org/@octokit/plugin-rest-endpoint-methods/-/plugin-rest-endpoint-methods-13.2.6.tgz",
      "integrity": "sha512-wMsdyHMjSfKjGINkdGKki06VEkgdEldIGstIEyGX0wbYHGByOwN/KiM+hAAlUwAtPkP3gvXtVQA9L3ITdV2tVw==",
      "dependencies": {
        "@octokit/types": "^13.6.1"
      },
      "engines": {
        "node": ">= 18"
      },
      "peerDependencies": {
        "@octokit/core": ">=6"
      }
    },
    "node_modules/@octokit/request": {
      "version": "9.2.3",
      "resolved": "https://registry.npmjs.org/@octokit/request/-/request-9.2.3.tgz",
      "integrity": "sha512-Ma+pZU8PXLOEYzsWf0cn/gY+ME57Wq8f49WTXA8FMHp2Ps9djKw//xYJ1je8Hm0pR2lU9FUGeJRWOtxq6olt4w==",
      "license": "MIT",
      "dependencies": {
        "@octokit/endpoint": "^10.1.4",
        "@octokit/request-error": "^6.1.8",
        "@octokit/types": "^14.0.0",
        "fast-content-type-parse": "^2.0.0",
        "universal-user-agent": "^7.0.2"
      },
      "engines": {
        "node": ">= 18"
      }
    },
    "node_modules/@octokit/request-error": {
      "version": "6.1.8",
      "resolved": "https://registry.npmjs.org/@octokit/request-error/-/request-error-6.1.8.tgz",
      "integrity": "sha512-WEi/R0Jmq+IJKydWlKDmryPcmdYSVjL3ekaiEL1L9eo1sUnqMJ+grqmC9cjk7CA7+b2/T397tO5d8YLOH3qYpQ==",
      "license": "MIT",
      "dependencies": {
        "@octokit/types": "^14.0.0"
      },
      "engines": {
        "node": ">= 18"
      }
    },
    "node_modules/@octokit/request-error/node_modules/@octokit/openapi-types": {
      "version": "25.1.0",
      "resolved": "https://registry.npmjs.org/@octokit/openapi-types/-/openapi-types-25.1.0.tgz",
      "integrity": "sha512-idsIggNXUKkk0+BExUn1dQ92sfysJrje03Q0bv0e+KPLrvyqZF8MnBpFz8UNfYDwB3Ie7Z0TByjWfzxt7vseaA==",
      "license": "MIT"
    },
    "node_modules/@octokit/request-error/node_modules/@octokit/types": {
      "version": "14.1.0",
      "resolved": "https://registry.npmjs.org/@octokit/types/-/types-14.1.0.tgz",
      "integrity": "sha512-1y6DgTy8Jomcpu33N+p5w58l6xyt55Ar2I91RPiIA0xCJBXyUAhXCcmZaDWSANiha7R9a6qJJ2CRomGPZ6f46g==",
      "license": "MIT",
      "dependencies": {
        "@octokit/openapi-types": "^25.1.0"
      }
    },
    "node_modules/@octokit/request/node_modules/@octokit/openapi-types": {
      "version": "25.1.0",
      "resolved": "https://registry.npmjs.org/@octokit/openapi-types/-/openapi-types-25.1.0.tgz",
      "integrity": "sha512-idsIggNXUKkk0+BExUn1dQ92sfysJrje03Q0bv0e+KPLrvyqZF8MnBpFz8UNfYDwB3Ie7Z0TByjWfzxt7vseaA==",
      "license": "MIT"
    },
    "node_modules/@octokit/request/node_modules/@octokit/types": {
      "version": "14.1.0",
      "resolved": "https://registry.npmjs.org/@octokit/types/-/types-14.1.0.tgz",
      "integrity": "sha512-1y6DgTy8Jomcpu33N+p5w58l6xyt55Ar2I91RPiIA0xCJBXyUAhXCcmZaDWSANiha7R9a6qJJ2CRomGPZ6f46g==",
      "license": "MIT",
      "dependencies": {
        "@octokit/openapi-types": "^25.1.0"
      }
    },
    "node_modules/@octokit/rest": {
      "version": "21.0.2",
      "resolved": "https://registry.npmjs.org/@octokit/rest/-/rest-21.0.2.tgz",
      "integrity": "sha512-+CiLisCoyWmYicH25y1cDfCrv41kRSvTq6pPWtRroRJzhsCZWZyCqGyI8foJT5LmScADSwRAnr/xo+eewL04wQ==",
      "dependencies": {
        "@octokit/core": "^6.1.2",
        "@octokit/plugin-paginate-rest": "^11.0.0",
        "@octokit/plugin-request-log": "^5.3.1",
        "@octokit/plugin-rest-endpoint-methods": "^13.0.0"
      },
      "engines": {
        "node": ">= 18"
      }
    },
    "node_modules/@octokit/types": {
      "version": "13.10.0",
      "resolved": "https://registry.npmjs.org/@octokit/types/-/types-13.10.0.tgz",
      "integrity": "sha512-ifLaO34EbbPj0Xgro4G5lP5asESjwHracYJvVaPIyXMuiuXLlhic3S47cBdTb+jfODkTE5YtGCLt3Ay3+J97sA==",
      "license": "MIT",
      "dependencies": {
        "@octokit/openapi-types": "^24.2.0"
      }
    },
    "node_modules/@opentelemetry/api": {
      "version": "1.9.0",
      "resolved": "https://registry.npmjs.org/@opentelemetry/api/-/api-1.9.0.tgz",
      "integrity": "sha512-3giAOQvZiH5F9bMlMiv8+GSPMeqg0dbaeo58/0SlA9sxSqZhnUtxzX9/2FzyhS9sWQf5S0GJE0AKBrFqjpeYcg==",
      "engines": {
        "node": ">=8.0.0"
      }
    },
    "node_modules/@types/diff": {
      "version": "6.0.0",
      "resolved": "https://registry.npmjs.org/@types/diff/-/diff-6.0.0.tgz",
      "integrity": "sha512-dhVCYGv3ZSbzmQaBSagrv1WJ6rXCdkyTcDyoNu1MD8JohI7pR7k8wdZEm+mvdxRKXyHVwckFzWU1vJc+Z29MlA==",
      "dev": true
    },
    "node_modules/@types/diff-match-patch": {
      "version": "1.0.36",
      "resolved": "https://registry.npmjs.org/@types/diff-match-patch/-/diff-match-patch-1.0.36.tgz",
      "integrity": "sha512-xFdR6tkm0MWvBfO8xXCSsinYxHcqkQUlcHeSpMC2ukzOb6lwQAfDmW+Qt0AvlGd8HpsS28qKsB+oPeJn9I39jg=="
    },
    "node_modules/@types/node": {
      "version": "22.10.2",
      "resolved": "https://registry.npmjs.org/@types/node/-/node-22.10.2.tgz",
      "integrity": "sha512-Xxr6BBRCAOQixvonOye19wnzyDiUtTeqldOOmj3CkeblonbccA12PFwlufvRdrpjXxqnmUaeiU5EOA+7s5diUQ==",
      "dev": true,
      "dependencies": {
        "undici-types": "~6.20.0"
      }
    },
    "node_modules/ai": {
      "version": "4.0.22",
      "resolved": "https://registry.npmjs.org/ai/-/ai-4.0.22.tgz",
      "integrity": "sha512-yvcjWtofI2HZwgT3jMkoNnDUhAY+S9cOvZ6xbbOzrS0ZeFl1/gcbasFnwAqUJ7uL/t72/3a0Vy/pKg6N19A2Mw==",
      "dependencies": {
        "@ai-sdk/provider": "1.0.3",
        "@ai-sdk/provider-utils": "2.0.5",
        "@ai-sdk/react": "1.0.7",
        "@ai-sdk/ui-utils": "1.0.6",
        "@opentelemetry/api": "1.9.0",
        "jsondiffpatch": "0.6.0",
        "zod-to-json-schema": "^3.23.5"
      },
      "engines": {
        "node": ">=18"
      },
      "peerDependencies": {
        "react": "^18 || ^19 || ^19.0.0-rc",
        "zod": "^3.0.0"
      },
      "peerDependenciesMeta": {
        "react": {
          "optional": true
        },
        "zod": {
          "optional": true
        }
      }
    },
    "node_modules/balanced-match": {
      "version": "1.0.2",
      "resolved": "https://registry.npmjs.org/balanced-match/-/balanced-match-1.0.2.tgz",
      "integrity": "sha512-3oSeUO0TMV67hN1AmbXsK4yaqU7tjiHlbxRDZOpH0KW9+CeX4bRAaX0Anxt0tx2MrpRpWwQaPwIlISEJhYU5Pw=="
    },
    "node_modules/before-after-hook": {
      "version": "3.0.2",
      "resolved": "https://registry.npmjs.org/before-after-hook/-/before-after-hook-3.0.2.tgz",
      "integrity": "sha512-Nik3Sc0ncrMK4UUdXQmAnRtzmNQTAAXmXIopizwZ1W1t8QmfJj+zL4OA2I7XPTPW5z5TDqv4hRo/JzouDJnX3A=="
    },
    "node_modules/brace-expansion": {
      "version": "2.0.1",
      "resolved": "https://registry.npmjs.org/brace-expansion/-/brace-expansion-2.0.1.tgz",
      "integrity": "sha512-XnAIvQ8eM+kC6aULx6wuQiwVsnzsi9d3WxzV3FpWTGA19F621kwdbsAcFKXgKUHZWsy+mY6iL1sHTxWEFCytDA==",
      "dependencies": {
        "balanced-match": "^1.0.0"
      }
    },
    "node_modules/chalk": {
      "version": "5.4.1",
      "resolved": "https://registry.npmjs.org/chalk/-/chalk-5.4.1.tgz",
      "integrity": "sha512-zgVZuo2WcZgfUEmsn6eO3kINexW8RAE4maiQ8QNs8CtpPCSyMiYsULR3HQYkm3w8FIA3SberyMJMSldGsW+U3w==",
      "engines": {
        "node": "^12.17.0 || ^14.13 || >=16.0.0"
      },
      "funding": {
        "url": "https://github.com/chalk/chalk?sponsor=1"
      }
    },
    "node_modules/debug": {
      "version": "4.4.0",
      "resolved": "https://registry.npmjs.org/debug/-/debug-4.4.0.tgz",
      "integrity": "sha512-6WTZ/IxCY/T6BALoZHaE4ctp9xm+Z5kY/pzYaCHRFeyVhojxlrm+46y68HA6hr0TcwEssoxNiDEUJQjfPZ/RYA==",
      "dev": true,
      "dependencies": {
        "ms": "^2.1.3"
      },
      "engines": {
        "node": ">=6.0"
      },
      "peerDependenciesMeta": {
        "supports-color": {
          "optional": true
        }
      }
    },
    "node_modules/dequal": {
      "version": "2.0.3",
      "resolved": "https://registry.npmjs.org/dequal/-/dequal-2.0.3.tgz",
      "integrity": "sha512-0je+qPKHEMohvfRTCEo3CrPG6cAzAYgmzKyxRiYSSDkS6eGJdyVJm7WaYA5ECaAD9wLB2T4EEeymA5aFVcYXCA==",
      "engines": {
        "node": ">=6"
      }
    },
    "node_modules/diff": {
      "version": "7.0.0",
      "resolved": "https://registry.npmjs.org/diff/-/diff-7.0.0.tgz",
      "integrity": "sha512-PJWHUb1RFevKCwaFA9RlG5tCd+FO5iRh9A8HEtkmBH2Li03iJriB6m6JIN4rGz3K3JLawI7/veA1xzRKP6ISBw==",
      "engines": {
        "node": ">=0.3.1"
      }
    },
    "node_modules/diff-match-patch": {
      "version": "1.0.5",
      "resolved": "https://registry.npmjs.org/diff-match-patch/-/diff-match-patch-1.0.5.tgz",
      "integrity": "sha512-IayShXAgj/QMXgB0IWmKx+rOPuGMhqm5w6jvFxmVenXKIzRqTAAsbBPT3kWQeGANj3jGgvcvv4yK6SxqYmikgw=="
    },
    "node_modules/dotenv": {
      "version": "16.4.7",
      "resolved": "https://registry.npmjs.org/dotenv/-/dotenv-16.4.7.tgz",
      "integrity": "sha512-47qPchRCykZC03FhkYAhrvwU4xDBFIj1QPqaarj6mdM/hgUzfPHcpkHJOn3mJAufFeeAxAzeGsr5X0M4k6fLZQ==",
      "engines": {
        "node": ">=12"
      },
      "funding": {
        "url": "https://dotenvx.com"
      }
    },
    "node_modules/esbuild": {
      "version": "0.25.5",
      "resolved": "https://registry.npmjs.org/esbuild/-/esbuild-0.25.5.tgz",
      "integrity": "sha512-P8OtKZRv/5J5hhz0cUAdu/cLuPIKXpQl1R9pZtvmHWQvrAUVd0UNIPT4IB4W3rNOqVO0rlqHmCIbSwxh/c9yUQ==",
      "dev": true,
      "hasInstallScript": true,
      "license": "MIT",
      "peer": true,
      "bin": {
        "esbuild": "bin/esbuild"
      },
      "engines": {
        "node": ">=18"
      },
      "optionalDependencies": {
        "@esbuild/aix-ppc64": "0.25.5",
        "@esbuild/android-arm": "0.25.5",
        "@esbuild/android-arm64": "0.25.5",
        "@esbuild/android-x64": "0.25.5",
        "@esbuild/darwin-arm64": "0.25.5",
        "@esbuild/darwin-x64": "0.25.5",
        "@esbuild/freebsd-arm64": "0.25.5",
        "@esbuild/freebsd-x64": "0.25.5",
        "@esbuild/linux-arm": "0.25.5",
        "@esbuild/linux-arm64": "0.25.5",
        "@esbuild/linux-ia32": "0.25.5",
        "@esbuild/linux-loong64": "0.25.5",
        "@esbuild/linux-mips64el": "0.25.5",
        "@esbuild/linux-ppc64": "0.25.5",
        "@esbuild/linux-riscv64": "0.25.5",
        "@esbuild/linux-s390x": "0.25.5",
        "@esbuild/linux-x64": "0.25.5",
        "@esbuild/netbsd-arm64": "0.25.5",
        "@esbuild/netbsd-x64": "0.25.5",
        "@esbuild/openbsd-arm64": "0.25.5",
        "@esbuild/openbsd-x64": "0.25.5",
        "@esbuild/sunos-x64": "0.25.5",
        "@esbuild/win32-arm64": "0.25.5",
        "@esbuild/win32-ia32": "0.25.5",
        "@esbuild/win32-x64": "0.25.5"
      }
    },
    "node_modules/esbuild-register": {
      "version": "3.6.0",
      "resolved": "https://registry.npmjs.org/esbuild-register/-/esbuild-register-3.6.0.tgz",
      "integrity": "sha512-H2/S7Pm8a9CL1uhp9OvjwrBh5Pvx0H8qVOxNu8Wed9Y7qv56MPtq+GGM8RJpq6glYJn9Wspr8uw7l55uyinNeg==",
      "dev": true,
      "dependencies": {
        "debug": "^4.3.4"
      },
      "peerDependencies": {
        "esbuild": ">=0.12 <1"
      }
    },
    "node_modules/eventsource-parser": {
      "version": "3.0.0",
      "resolved": "https://registry.npmjs.org/eventsource-parser/-/eventsource-parser-3.0.0.tgz",
      "integrity": "sha512-T1C0XCUimhxVQzW4zFipdx0SficT651NnkR0ZSH3yQwh+mFMdLfgjABVi4YtMTtaL4s168593DaoaRLMqryavA==",
      "engines": {
        "node": ">=18.0.0"
      }
    },
    "node_modules/fast-content-type-parse": {
      "version": "2.0.1",
      "resolved": "https://registry.npmjs.org/fast-content-type-parse/-/fast-content-type-parse-2.0.1.tgz",
      "integrity": "sha512-nGqtvLrj5w0naR6tDPfB4cUmYCqouzyQiz6C5y/LtcDllJdrcc6WaWW6iXyIIOErTa/XRybj28aasdn4LkVk6Q==",
      "funding": [
        {
          "type": "github",
          "url": "https://github.com/sponsors/fastify"
        },
        {
          "type": "opencollective",
          "url": "https://opencollective.com/fastify"
        }
      ],
      "license": "MIT"
    },
    "node_modules/json-schema": {
      "version": "0.4.0",
      "resolved": "https://registry.npmjs.org/json-schema/-/json-schema-0.4.0.tgz",
      "integrity": "sha512-es94M3nTIfsEPisRafak+HDLfHXnKBhV3vU5eqPcS3flIWqcxJWgXHXiey3YrpaNsanY5ei1VoYEbOzijuq9BA=="
    },
    "node_modules/jsondiffpatch": {
      "version": "0.6.0",
      "resolved": "https://registry.npmjs.org/jsondiffpatch/-/jsondiffpatch-0.6.0.tgz",
      "integrity": "sha512-3QItJOXp2AP1uv7waBkao5nCvhEv+QmJAd38Ybq7wNI74Q+BBmnLn4EDKz6yI9xGAIQoUF87qHt+kc1IVxB4zQ==",
      "dependencies": {
        "@types/diff-match-patch": "^1.0.36",
        "chalk": "^5.3.0",
        "diff-match-patch": "^1.0.5"
      },
      "bin": {
        "jsondiffpatch": "bin/jsondiffpatch.js"
      },
      "engines": {
        "node": "^18.0.0 || >=20.0.0"
      }
    },
    "node_modules/minimatch": {
      "version": "10.0.1",
      "resolved": "https://registry.npmjs.org/minimatch/-/minimatch-10.0.1.tgz",
      "integrity": "sha512-ethXTt3SGGR+95gudmqJ1eNhRO7eGEGIgYA9vnPatK4/etz2MEVDno5GMCibdMTuBMyElzIlgxMna3K94XDIDQ==",
      "dependencies": {
        "brace-expansion": "^2.0.1"
      },
      "engines": {
        "node": "20 || >=22"
      },
      "funding": {
        "url": "https://github.com/sponsors/isaacs"
      }
    },
    "node_modules/ms": {
      "version": "2.1.3",
      "resolved": "https://registry.npmjs.org/ms/-/ms-2.1.3.tgz",
      "integrity": "sha512-6FlzubTLZG3J2a/NVCAleEhjzq5oxgHyaCU9yYXvcLsvoVaHJq/s5xXI6/XXP6tz7R9xAOtHnSO/tXtF3WRTlA==",
      "dev": true
    },
    "node_modules/nanoid": {
      "version": "3.3.8",
      "resolved": "https://registry.npmjs.org/nanoid/-/nanoid-3.3.8.tgz",
      "integrity": "sha512-WNLf5Sd8oZxOm+TzppcYk8gVOgP+l58xNy58D0nbUnOxOWRWvlcCV4kUF7ltmI6PsrLl/BgKEyS4mqsGChFN0w==",
      "funding": [
        {
          "type": "github",
          "url": "https://github.com/sponsors/ai"
        }
      ],
      "bin": {
        "nanoid": "bin/nanoid.cjs"
      },
      "engines": {
        "node": "^10 || ^12 || ^13.7 || ^14 || >=15.0.1"
      }
    },
    "node_modules/react": {
      "version": "19.0.0",
      "resolved": "https://registry.npmjs.org/react/-/react-19.0.0.tgz",
      "integrity": "sha512-V8AVnmPIICiWpGfm6GLzCR/W5FXLchHop40W4nXBmdlEceh16rCN8O8LNWm5bh5XUX91fh7KpA+W0TgMKmgTpQ==",
      "peer": true,
      "engines": {
        "node": ">=0.10.0"
      }
    },
    "node_modules/secure-json-parse": {
      "version": "2.7.0",
      "resolved": "https://registry.npmjs.org/secure-json-parse/-/secure-json-parse-2.7.0.tgz",
      "integrity": "sha512-6aU+Rwsezw7VR8/nyvKTx8QpWH9FrcYiXXlqC4z5d5XQBDRqtbfsRjnwGyqbi3gddNtWHuEk9OANUotL26qKUw=="
    },
    "node_modules/swr": {
      "version": "2.3.0",
      "resolved": "https://registry.npmjs.org/swr/-/swr-2.3.0.tgz",
      "integrity": "sha512-NyZ76wA4yElZWBHzSgEJc28a0u6QZvhb6w0azeL2k7+Q1gAzVK+IqQYXhVOC/mzi+HZIozrZvBVeSeOZNR2bqA==",
      "dependencies": {
        "dequal": "^2.0.3",
        "use-sync-external-store": "^1.4.0"
      },
      "peerDependencies": {
        "react": "^16.11.0 || ^17.0.0 || ^18.0.0 || ^19.0.0"
      }
    },
    "node_modules/throttleit": {
      "version": "2.1.0",
      "resolved": "https://registry.npmjs.org/throttleit/-/throttleit-2.1.0.tgz",
      "integrity": "sha512-nt6AMGKW1p/70DF/hGBdJB57B8Tspmbp5gfJ8ilhLnt7kkr2ye7hzD6NVG8GGErk2HWF34igrL2CXmNIkzKqKw==",
      "engines": {
        "node": ">=18"
      },
      "funding": {
        "url": "https://github.com/sponsors/sindresorhus"
      }
    },
    "node_modules/typescript": {
      "version": "5.7.2",
      "resolved": "https://registry.npmjs.org/typescript/-/typescript-5.7.2.tgz",
      "integrity": "sha512-i5t66RHxDvVN40HfDd1PsEThGNnlMCMT3jMUuoh9/0TaqWevNontacunWyN02LA9/fIbEWlcHZcgTKb9QoaLfg==",
      "dev": true,
      "bin": {
        "tsc": "bin/tsc",
        "tsserver": "bin/tsserver"
      },
      "engines": {
        "node": ">=14.17"
      }
    },
    "node_modules/undici-types": {
      "version": "6.20.0",
      "resolved": "https://registry.npmjs.org/undici-types/-/undici-types-6.20.0.tgz",
      "integrity": "sha512-Ny6QZ2Nju20vw1SRHe3d9jVu6gJ+4e3+MMpqu7pqE5HT6WsTSlce++GQmK5UXS8mzV8DSYHrQH+Xrf2jVcuKNg==",
      "dev": true
    },
    "node_modules/universal-user-agent": {
      "version": "7.0.2",
      "resolved": "https://registry.npmjs.org/universal-user-agent/-/universal-user-agent-7.0.2.tgz",
      "integrity": "sha512-0JCqzSKnStlRRQfCdowvqy3cy0Dvtlb8xecj/H8JFZuCze4rwjPZQOgvFvn0Ws/usCHQFGpyr+pB9adaGwXn4Q=="
    },
    "node_modules/use-sync-external-store": {
      "version": "1.4.0",
      "resolved": "https://registry.npmjs.org/use-sync-external-store/-/use-sync-external-store-1.4.0.tgz",
      "integrity": "sha512-9WXSPC5fMv61vaupRkCKCxsPxBocVnwakBEkMIHHpkTTg6icbJtg6jzgtLDm4bl3cSHAca52rYWih0k4K3PfHw==",
      "peerDependencies": {
        "react": "^16.8.0 || ^17.0.0 || ^18.0.0 || ^19.0.0"
      }
    },
    "node_modules/zod": {
      "version": "3.24.1",
      "resolved": "https://registry.npmjs.org/zod/-/zod-3.24.1.tgz",
      "integrity": "sha512-muH7gBL9sI1nciMZV67X5fTKKBLtwpZ5VBp1vsOQzj1MhrBZ4wlVCm3gedKZWLp0Oyel8sIGfeiz54Su+OVT+A==",
      "funding": {
        "url": "https://github.com/sponsors/colinhacks"
      }
    },
    "node_modules/zod-to-json-schema": {
      "version": "3.24.1",
      "resolved": "https://registry.npmjs.org/zod-to-json-schema/-/zod-to-json-schema-3.24.1.tgz",
      "integrity": "sha512-3h08nf3Vw3Wl3PK+q3ow/lIil81IT2Oa7YpQyUUDsEWbXveMesdfK1xBd2RhCkynwZndAxixji/7SYJJowr62w==",
      "peerDependencies": {
        "zod": "^3.24.1"
      }
    }
  }
}
